
Microsoft Visual Studio Solution File, Format Version 12.00
# Visual Studio Version 17
VisualStudioVersion = 17.14.36401.2 d17.14
MinimumVisualStudioVersion = 10.0.40219.1
Project("{FAE04EC0-301F-11D3-BF4B-00C04F79EFBC}") = "tutorial_2_4", "tutorial_2_4\tutorial_2_4.csproj", "{A31B4E97-C8BD-4BF0-8C8E-87EFB77A627A}"
EndProject
Global
	GlobalSection(SolutionConfigurationPlatforms) = preSolution
		Debug|Any CPU = Debug|Any CPU
		Release|Any CPU = Release|Any CPU
	EndGlobalSection
	GlobalSection(ProjectConfigurationPlatforms) = postSolution
		{A31B4E97-C8BD-4BF0-8C8E-87EFB77A627A}.Debug|Any CPU.ActiveCfg = Debug|Any CPU
		{A31B4E97-C8BD-4BF0-8C8E-87EFB77A627A}.Debug|Any CPU.Build.0 = Debug|Any CPU
		{A31B4E97-C8BD-4BF0-8C8E-87EFB77A627A}.Release|Any CPU.ActiveCfg = Release|Any CPU
		{A31B4E97-C8BD-4BF0-8C8E-87EFB77A627A}.Release|Any CPU.Build.0 = Release|Any CPU
	EndGlobalSection
	GlobalSection(SolutionProperties) = preSolution
		HideSolutionNode = FALSE
	EndGlobalSection
	GlobalSection(ExtensibilityGlobals) = postSolution
		SolutionGuid = {BD833724-EE3D-4D9D-A178-F4D992434F83}
	EndGlobalSection
EndGlobal
