
Microsoft Visual Studio Solution File, Format Version 12.00
# Visual Studio Version 17
VisualStudioVersion = 17.14.36401.2 d17.14
MinimumVisualStudioVersion = 10.0.40219.1
Project("{FAE04EC0-301F-11D3-BF4B-00C04F79EFBC}") = "LoginDemo", "LoginDemo\LoginDemo.csproj", "{CD309E90-51B6-446C-A514-96C7A4B7EB42}"
EndProject
Global
	GlobalSection(SolutionConfigurationPlatforms) = preSolution
		Debug|Any CPU = Debug|Any CPU
		Release|Any CPU = Release|Any CPU
	EndGlobalSection
	GlobalSection(ProjectConfigurationPlatforms) = postSolution
		{CD309E90-51B6-446C-A514-96C7A4B7EB42}.Debug|Any CPU.ActiveCfg = Debug|Any CPU
		{CD309E90-51B6-446C-A514-96C7A4B7EB42}.Debug|Any CPU.Build.0 = Debug|Any CPU
		{CD309E90-51B6-446C-A514-96C7A4B7EB42}.Release|Any CPU.ActiveCfg = Release|Any CPU
		{CD309E90-51B6-446C-A514-96C7A4B7EB42}.Release|Any CPU.Build.0 = Release|Any CPU
	EndGlobalSection
	GlobalSection(SolutionProperties) = preSolution
		HideSolutionNode = FALSE
	EndGlobalSection
	GlobalSection(ExtensibilityGlobals) = postSolution
		SolutionGuid = {3FAD1A1B-B73A-4319-9A8D-FAACC9D1D67E}
	EndGlobalSection
EndGlobal
