
Microsoft Visual Studio Solution File, Format Version 12.00
# Visual Studio Version 17
VisualStudioVersion = 17.9.34728.123
MinimumVisualStudioVersion = 10.0.40219.1
Project("{FAE04EC0-301F-11D3-BF4B-00C04F79EFBC}") = "Chap3-hw1", "Chap3-hw1\Chap3-hw1.csproj", "{F319C086-3849-4251-8C84-54ED001F4A55}"
EndProject
Global
	GlobalSection(SolutionConfigurationPlatforms) = preSolution
		Debug|Any CPU = Debug|Any CPU
		Release|Any CPU = Release|Any CPU
	EndGlobalSection
	GlobalSection(ProjectConfigurationPlatforms) = postSolution
		{F319C086-3849-4251-8C84-54ED001F4A55}.Debug|Any CPU.ActiveCfg = Debug|Any CPU
		{F319C086-3849-4251-8C84-54ED001F4A55}.Debug|Any CPU.Build.0 = Debug|Any CPU
		{F319C086-3849-4251-8C84-54ED001F4A55}.Release|Any CPU.ActiveCfg = Release|Any CPU
		{F319C086-3849-4251-8C84-54ED001F4A55}.Release|Any CPU.Build.0 = Release|Any CPU
	EndGlobalSection
	GlobalSection(SolutionProperties) = preSolution
		HideSolutionNode = FALSE
	EndGlobalSection
	GlobalSection(ExtensibilityGlobals) = postSolution
		SolutionGuid = {1C63B0A1-2B75-4A82-81EE-D713BD91C05E}
	EndGlobalSection
EndGlobal
