
Microsoft Visual Studio Solution File, Format Version 12.00
# Visual Studio Version 17
VisualStudioVersion = 17.14.36401.2 d17.14
MinimumVisualStudioVersion = 10.0.40219.1
Project("{FAE04EC0-301F-11D3-BF4B-00C04F79EFBC}") = "tuturial2_2", "tuturial2_2\tuturial2_2.csproj", "{493E8E83-1E77-40D9-809C-14446755CB9E}"
EndProject
Global
	GlobalSection(SolutionConfigurationPlatforms) = preSolution
		Debug|Any CPU = Debug|Any CPU
		Release|Any CPU = Release|Any CPU
	EndGlobalSection
	GlobalSection(ProjectConfigurationPlatforms) = postSolution
		{493E8E83-1E77-40D9-809C-14446755CB9E}.Debug|Any CPU.ActiveCfg = Debug|Any CPU
		{493E8E83-1E77-40D9-809C-14446755CB9E}.Debug|Any CPU.Build.0 = Debug|Any CPU
		{493E8E83-1E77-40D9-809C-14446755CB9E}.Release|Any CPU.ActiveCfg = Release|Any CPU
		{493E8E83-1E77-40D9-809C-14446755CB9E}.Release|Any CPU.Build.0 = Release|Any CPU
	EndGlobalSection
	GlobalSection(SolutionProperties) = preSolution
		HideSolutionNode = FALSE
	EndGlobalSection
	GlobalSection(ExtensibilityGlobals) = postSolution
		SolutionGuid = {67FFD159-D010-4144-9738-DAABC3E26730}
	EndGlobalSection
EndGlobal
